{
  "version": 4,
  "terraform_version": "1.13.1",
  "serial": 3,
  "lineage": "4ff0b3a9-46f2-9542-40e6-43532bbabc1d",
  "outputs": {},
  "resources": [
    {
      "mode": "managed",
      "type": "aws_vpc",
      "name": "myvpc",
      "provider": "provider[\"registry.terraform.io/hashicorp/aws\"]",
      "instances": [
        {
          "schema_version": 1,
          "attributes": {
            "arn": "arn:aws:ec2:eu-west-1:929806479990:vpc/vpc-02847879a34390d53",
            "assign_generated_ipv6_cidr_block": false,
            "cidr_block": "10.0.0.0/16",
            "default_network_acl_id": "acl-0481d7b37bb98d22a",
            "default_route_table_id": "rtb-093535d8418711275",
            "default_security_group_id": "sg-040b0d6ea80c2ce1b",
            "dhcp_options_id": "dopt-0b629427961820936",
            "enable_dns_hostnames": true,
            "enable_dns_support": true,
            "enable_network_address_usage_metrics": false,
            "id": "vpc-02847879a34390d53",
            "instance_tenancy": "default",
            "ipv4_ipam_pool_id": null,
            "ipv4_netmask_length": null,
            "ipv6_association_id": "",
            "ipv6_cidr_block": "",
            "ipv6_cidr_block_network_border_group": "",
            "ipv6_ipam_pool_id": "",
            "ipv6_netmask_length": 0,
            "main_route_table_id": "rtb-093535d8418711275",
            "owner_id": "929806479990",
            "region": "eu-west-1",
            "tags": {
              "Name": "iti_vpc"
            },
            "tags_all": {
              "Name": "iti_vpc"
            }
          },
          "sensitive_attributes": [],
          "identity_schema_version": 0,
          "private": "eyJzY2hlbWFfdmVyc2lvbiI6IjEifQ=="
        }
      ]
    }
  ],
  "check_results": null
}
